
Microsoft Visual Studio Solution File, Format Version 12.00
# Visual Studio Version 17
VisualStudioVersion = 17.7.34024.191
MinimumVisualStudioVersion = 10.0.40219.1
Project("{FAE04EC0-301F-11D3-BF4B-00C04F79EFBC}") = "Jetter_App", "Jetter_App\Jetter_App.csproj", "{830FD881-2CBC-4764-9F7B-8E793511984E}"
EndProject
Global
	GlobalSection(SolutionConfigurationPlatforms) = preSolution
		Debug|Any CPU = Debug|Any CPU
		Release|Any CPU = Release|Any CPU
	EndGlobalSection
	GlobalSection(ProjectConfigurationPlatforms) = postSolution
		{830FD881-2CBC-4764-9F7B-8E793511984E}.Debug|Any CPU.ActiveCfg = Debug|Any CPU
		{830FD881-2CBC-4764-9F7B-8E793511984E}.Debug|Any CPU.Build.0 = Debug|Any CPU
		{830FD881-2CBC-4764-9F7B-8E793511984E}.Release|Any CPU.ActiveCfg = Release|Any CPU
		{830FD881-2CBC-4764-9F7B-8E793511984E}.Release|Any CPU.Build.0 = Release|Any CPU
	EndGlobalSection
	GlobalSection(SolutionProperties) = preSolution
		HideSolutionNode = FALSE
	EndGlobalSection
	GlobalSection(ExtensibilityGlobals) = postSolution
		SolutionGuid = {A59772A1-5661-4A1D-B9B6-62E91A979134}
	EndGlobalSection
EndGlobal
